
Microsoft Visual Studio Solution File, Format Version 12.00
# Visual Studio Version 17
VisualStudioVersion = 17.13.35919.96 d17.13
MinimumVisualStudioVersion = 10.0.40219.1
Project("{FAE04EC0-301F-11D3-BF4B-00C04F79EFBC}") = "SchoolAppCoreRazor", "SchoolAppCoreRazor\SchoolAppCoreRazor.csproj", "{A5372D3A-154B-4957-9637-24341318C1D3}"
EndProject
Global
	GlobalSection(SolutionConfigurationPlatforms) = preSolution
		Debug|Any CPU = Debug|Any CPU
		Release|Any CPU = Release|Any CPU
	EndGlobalSection
	GlobalSection(ProjectConfigurationPlatforms) = postSolution
		{A5372D3A-154B-4957-9637-24341318C1D3}.Debug|Any CPU.ActiveCfg = Debug|Any CPU
		{A5372D3A-154B-4957-9637-24341318C1D3}.Debug|Any CPU.Build.0 = Debug|Any CPU
		{A5372D3A-154B-4957-9637-24341318C1D3}.Release|Any CPU.ActiveCfg = Release|Any CPU
		{A5372D3A-154B-4957-9637-24341318C1D3}.Release|Any CPU.Build.0 = Release|Any CPU
	EndGlobalSection
	GlobalSection(SolutionProperties) = preSolution
		HideSolutionNode = FALSE
	EndGlobalSection
	GlobalSection(ExtensibilityGlobals) = postSolution
		SolutionGuid = {C2F33C71-B117-4554-9642-B41FB4F221D4}
	EndGlobalSection
EndGlobal
